{
  "name": "prepros-project",
  "version": "1.0.0",
  "lockfileVersion": 1,
  "requires": true,
  "dependencies": {
    "just-validate": {
      "version": "4.3.0",
      "resolved": "https://registry.npmjs.org/just-validate/-/just-validate-4.3.0.tgz",
      "integrity": "sha512-9yS7ZnFk95vq+O7CAa7XZEJvZN5i6jTQWNhLwOjtgkSqiLxo7GZJhK8ViylP76fXPfHLs8tYWqi81XgxPF3OGA=="
    },
    "normalize.css": {
      "version": "8.0.1",
      "resolved": "https://registry.npmjs.org/normalize.css/-/normalize.css-8.0.1.tgz",
      "integrity": "sha512-qizSNPO93t1YUuUhP22btGOo3chcvDFqFaj2TRybP0DMxkHOCTYwp3n34fel4a31ORXy4m1Xq0Gyqpb5m33qIg=="
    },
    "ozimnad-reset": {
      "version": "0.1.0",
      "resolved": "https://registry.npmjs.org/ozimnad-reset/-/ozimnad-reset-0.1.0.tgz",
      "integrity": "sha512-fDwc3UgErEJ8gRbYJmbzK0fj2jnEyGUWy5187H3dfulPhiSaJtVihWf3CxmS1qnwRcWvcTF99XBGx+xWETSNcg=="
    }
  }
}
